
Microsoft Visual Studio Solution File, Format Version 12.00
# Visual Studio 2012
Project("{FAE04EC0-301F-11D3-BF4B-00C04F79EFBC}") = "Formulario_EdCastillo", "Formulario_EdCastillo\Formulario_EdCastillo.csproj", "{70F9CA7C-8601-4624-A55E-3FD2D77FDF56}"
EndProject
Global
	GlobalSection(SolutionConfigurationPlatforms) = preSolution
		Debug|Any CPU = Debug|Any CPU
		Release|Any CPU = Release|Any CPU
	EndGlobalSection
	GlobalSection(ProjectConfigurationPlatforms) = postSolution
		{70F9CA7C-8601-4624-A55E-3FD2D77FDF56}.Debug|Any CPU.ActiveCfg = Debug|Any CPU
		{70F9CA7C-8601-4624-A55E-3FD2D77FDF56}.Debug|Any CPU.Build.0 = Debug|Any CPU
		{70F9CA7C-8601-4624-A55E-3FD2D77FDF56}.Release|Any CPU.ActiveCfg = Release|Any CPU
		{70F9CA7C-8601-4624-A55E-3FD2D77FDF56}.Release|Any CPU.Build.0 = Release|Any CPU
	EndGlobalSection
	GlobalSection(SolutionProperties) = preSolution
		HideSolutionNode = FALSE
	EndGlobalSection
EndGlobal
